
Microsoft Visual Studio Solution File, Format Version 10.00
# Visual Studio 2008
Project("{FAE04EC0-301F-11D3-BF4B-00C04F79EFBC}") = "Tier", "Tier\Tier.csproj", "{BFFE6B6E-4381-4B33-8817-C478ACB4FB0E}"
EndProject
Project("{FAE04EC0-301F-11D3-BF4B-00C04F79EFBC}") = "Tier360", "Tier\Tier360.csproj", "{349241E0-6478-4552-AA60-16812578CD79}"
EndProject
Project("{FAE04EC0-301F-11D3-BF4B-00C04F79EFBC}") = "TierBossTemplateCreator", "TierBossTemplateCreator\TierBossTemplateCreator.csproj", "{2FDD3805-1536-4248-BE4A-319F6FF6B59A}"
EndProject
Global
	GlobalSection(SolutionConfigurationPlatforms) = preSolution
		Debug|Any CPU = Debug|Any CPU
		Debug|Mixed Platforms = Debug|Mixed Platforms
		Debug|Win32 = Debug|Win32
		Debug|x64 = Debug|x64
		Debug|x86 = Debug|x86
		Debug|Xbox 360 = Debug|Xbox 360
		Release|Any CPU = Release|Any CPU
		Release|Mixed Platforms = Release|Mixed Platforms
		Release|Win32 = Release|Win32
		Release|x64 = Release|x64
		Release|x86 = Release|x86
		Release|Xbox 360 = Release|Xbox 360
		Tier 64|Any CPU = Tier 64|Any CPU
		Tier 64|Mixed Platforms = Tier 64|Mixed Platforms
		Tier 64|Win32 = Tier 64|Win32
		Tier 64|x64 = Tier 64|x64
		Tier 64|x86 = Tier 64|x86
		Tier 64|Xbox 360 = Tier 64|Xbox 360
	EndGlobalSection
	GlobalSection(ProjectConfigurationPlatforms) = postSolution
		{BFFE6B6E-4381-4B33-8817-C478ACB4FB0E}.Debug|Any CPU.ActiveCfg = Debug|x86
		{BFFE6B6E-4381-4B33-8817-C478ACB4FB0E}.Debug|Mixed Platforms.ActiveCfg = Debug|x86
		{BFFE6B6E-4381-4B33-8817-C478ACB4FB0E}.Debug|Mixed Platforms.Build.0 = Debug|x86
		{BFFE6B6E-4381-4B33-8817-C478ACB4FB0E}.Debug|Win32.ActiveCfg = Debug|x86
		{BFFE6B6E-4381-4B33-8817-C478ACB4FB0E}.Debug|Win32.Build.0 = Debug|x86
		{BFFE6B6E-4381-4B33-8817-C478ACB4FB0E}.Debug|x64.ActiveCfg = Debug|x86
		{BFFE6B6E-4381-4B33-8817-C478ACB4FB0E}.Debug|x86.ActiveCfg = Debug|x86
		{BFFE6B6E-4381-4B33-8817-C478ACB4FB0E}.Debug|x86.Build.0 = Debug|x86
		{BFFE6B6E-4381-4B33-8817-C478ACB4FB0E}.Debug|Xbox 360.ActiveCfg = Debug|x86
		{BFFE6B6E-4381-4B33-8817-C478ACB4FB0E}.Release|Any CPU.ActiveCfg = Release|x86
		{BFFE6B6E-4381-4B33-8817-C478ACB4FB0E}.Release|Mixed Platforms.ActiveCfg = Release|x86
		{BFFE6B6E-4381-4B33-8817-C478ACB4FB0E}.Release|Mixed Platforms.Build.0 = Release|x86
		{BFFE6B6E-4381-4B33-8817-C478ACB4FB0E}.Release|Win32.ActiveCfg = Release|x86
		{BFFE6B6E-4381-4B33-8817-C478ACB4FB0E}.Release|x64.ActiveCfg = Release|x86
		{BFFE6B6E-4381-4B33-8817-C478ACB4FB0E}.Release|x86.ActiveCfg = Tier 64|x86
		{BFFE6B6E-4381-4B33-8817-C478ACB4FB0E}.Release|x86.Build.0 = Tier 64|x86
		{BFFE6B6E-4381-4B33-8817-C478ACB4FB0E}.Release|Xbox 360.ActiveCfg = Release|x86
		{BFFE6B6E-4381-4B33-8817-C478ACB4FB0E}.Tier 64|Any CPU.ActiveCfg = Tier 64|x86
		{BFFE6B6E-4381-4B33-8817-C478ACB4FB0E}.Tier 64|Mixed Platforms.ActiveCfg = Tier 64|x86
		{BFFE6B6E-4381-4B33-8817-C478ACB4FB0E}.Tier 64|Mixed Platforms.Build.0 = Tier 64|x86
		{BFFE6B6E-4381-4B33-8817-C478ACB4FB0E}.Tier 64|Win32.ActiveCfg = Tier 64|x86
		{BFFE6B6E-4381-4B33-8817-C478ACB4FB0E}.Tier 64|x64.ActiveCfg = Tier 64|x86
		{BFFE6B6E-4381-4B33-8817-C478ACB4FB0E}.Tier 64|x86.ActiveCfg = Tier 64|x86
		{BFFE6B6E-4381-4B33-8817-C478ACB4FB0E}.Tier 64|x86.Build.0 = Tier 64|x86
		{BFFE6B6E-4381-4B33-8817-C478ACB4FB0E}.Tier 64|Xbox 360.ActiveCfg = Tier 64|x86
		{349241E0-6478-4552-AA60-16812578CD79}.Debug|Any CPU.ActiveCfg = Debug|Xbox 360
		{349241E0-6478-4552-AA60-16812578CD79}.Debug|Mixed Platforms.ActiveCfg = Debug|Xbox 360
		{349241E0-6478-4552-AA60-16812578CD79}.Debug|Mixed Platforms.Build.0 = Debug|Xbox 360
		{349241E0-6478-4552-AA60-16812578CD79}.Debug|Mixed Platforms.Deploy.0 = Debug|Xbox 360
		{349241E0-6478-4552-AA60-16812578CD79}.Debug|Win32.ActiveCfg = Debug|Xbox 360
		{349241E0-6478-4552-AA60-16812578CD79}.Debug|x64.ActiveCfg = Debug|Xbox 360
		{349241E0-6478-4552-AA60-16812578CD79}.Debug|x86.ActiveCfg = Debug|Xbox 360
		{349241E0-6478-4552-AA60-16812578CD79}.Debug|Xbox 360.ActiveCfg = Debug|Xbox 360
		{349241E0-6478-4552-AA60-16812578CD79}.Debug|Xbox 360.Build.0 = Debug|Xbox 360
		{349241E0-6478-4552-AA60-16812578CD79}.Debug|Xbox 360.Deploy.0 = Debug|Xbox 360
		{349241E0-6478-4552-AA60-16812578CD79}.Release|Any CPU.ActiveCfg = Release|Xbox 360
		{349241E0-6478-4552-AA60-16812578CD79}.Release|Mixed Platforms.ActiveCfg = Release|Xbox 360
		{349241E0-6478-4552-AA60-16812578CD79}.Release|Mixed Platforms.Build.0 = Release|Xbox 360
		{349241E0-6478-4552-AA60-16812578CD79}.Release|Mixed Platforms.Deploy.0 = Release|Xbox 360
		{349241E0-6478-4552-AA60-16812578CD79}.Release|Win32.ActiveCfg = Release|Xbox 360
		{349241E0-6478-4552-AA60-16812578CD79}.Release|x64.ActiveCfg = Release|Xbox 360
		{349241E0-6478-4552-AA60-16812578CD79}.Release|x86.ActiveCfg = Release|Xbox 360
		{349241E0-6478-4552-AA60-16812578CD79}.Release|Xbox 360.ActiveCfg = Release|Xbox 360
		{349241E0-6478-4552-AA60-16812578CD79}.Release|Xbox 360.Build.0 = Release|Xbox 360
		{349241E0-6478-4552-AA60-16812578CD79}.Release|Xbox 360.Deploy.0 = Release|Xbox 360
		{349241E0-6478-4552-AA60-16812578CD79}.Tier 64|Any CPU.ActiveCfg = Release|Xbox 360
		{349241E0-6478-4552-AA60-16812578CD79}.Tier 64|Mixed Platforms.ActiveCfg = Release|Xbox 360
		{349241E0-6478-4552-AA60-16812578CD79}.Tier 64|Mixed Platforms.Build.0 = Release|Xbox 360
		{349241E0-6478-4552-AA60-16812578CD79}.Tier 64|Mixed Platforms.Deploy.0 = Release|Xbox 360
		{349241E0-6478-4552-AA60-16812578CD79}.Tier 64|Win32.ActiveCfg = Release|Xbox 360
		{349241E0-6478-4552-AA60-16812578CD79}.Tier 64|x64.ActiveCfg = Release|Xbox 360
		{349241E0-6478-4552-AA60-16812578CD79}.Tier 64|x86.ActiveCfg = Release|Xbox 360
		{349241E0-6478-4552-AA60-16812578CD79}.Tier 64|Xbox 360.ActiveCfg = Release|Xbox 360
		{349241E0-6478-4552-AA60-16812578CD79}.Tier 64|Xbox 360.Build.0 = Release|Xbox 360
		{349241E0-6478-4552-AA60-16812578CD79}.Tier 64|Xbox 360.Deploy.0 = Release|Xbox 360
		{2D1912A3-9EA9-4453-BE37-5C46DAB61B26}.Debug|Any CPU.ActiveCfg = Debug|x86
		{2D1912A3-9EA9-4453-BE37-5C46DAB61B26}.Debug|Mixed Platforms.ActiveCfg = Debug|x86
		{2D1912A3-9EA9-4453-BE37-5C46DAB61B26}.Debug|Win32.ActiveCfg = Debug|x86
		{2D1912A3-9EA9-4453-BE37-5C46DAB61B26}.Debug|x64.ActiveCfg = Debug|x86
		{2D1912A3-9EA9-4453-BE37-5C46DAB61B26}.Debug|x86.ActiveCfg = Debug|x86
		{2D1912A3-9EA9-4453-BE37-5C46DAB61B26}.Debug|Xbox 360.ActiveCfg = Debug|x86
		{2D1912A3-9EA9-4453-BE37-5C46DAB61B26}.Release|Any CPU.ActiveCfg = Release|x86
		{2D1912A3-9EA9-4453-BE37-5C46DAB61B26}.Release|Mixed Platforms.ActiveCfg = Release|x86
		{2D1912A3-9EA9-4453-BE37-5C46DAB61B26}.Release|Win32.ActiveCfg = Release|x86
		{2D1912A3-9EA9-4453-BE37-5C46DAB61B26}.Release|x64.ActiveCfg = Release|x86
		{2D1912A3-9EA9-4453-BE37-5C46DAB61B26}.Release|x86.ActiveCfg = Release|x86
		{2D1912A3-9EA9-4453-BE37-5C46DAB61B26}.Release|Xbox 360.ActiveCfg = Release|x86
		{2D1912A3-9EA9-4453-BE37-5C46DAB61B26}.Tier 64|Any CPU.ActiveCfg = Tier 64|x86
		{2D1912A3-9EA9-4453-BE37-5C46DAB61B26}.Tier 64|Mixed Platforms.ActiveCfg = Tier 64|x86
		{2D1912A3-9EA9-4453-BE37-5C46DAB61B26}.Tier 64|Win32.ActiveCfg = Tier 64|x86
		{2D1912A3-9EA9-4453-BE37-5C46DAB61B26}.Tier 64|x64.ActiveCfg = Tier 64|x86
		{2D1912A3-9EA9-4453-BE37-5C46DAB61B26}.Tier 64|x86.ActiveCfg = Tier 64|x86
		{2D1912A3-9EA9-4453-BE37-5C46DAB61B26}.Tier 64|Xbox 360.ActiveCfg = Tier 64|x86
		{2FDD3805-1536-4248-BE4A-319F6FF6B59A}.Debug|Any CPU.ActiveCfg = Debug|Any CPU
		{2FDD3805-1536-4248-BE4A-319F6FF6B59A}.Debug|Any CPU.Build.0 = Debug|Any CPU
		{2FDD3805-1536-4248-BE4A-319F6FF6B59A}.Debug|Mixed Platforms.ActiveCfg = Debug|Any CPU
		{2FDD3805-1536-4248-BE4A-319F6FF6B59A}.Debug|Mixed Platforms.Build.0 = Debug|Any CPU
		{2FDD3805-1536-4248-BE4A-319F6FF6B59A}.Debug|Win32.ActiveCfg = Debug|Any CPU
		{2FDD3805-1536-4248-BE4A-319F6FF6B59A}.Debug|x64.ActiveCfg = Debug|Any CPU
		{2FDD3805-1536-4248-BE4A-319F6FF6B59A}.Debug|x86.ActiveCfg = Debug|Any CPU
		{2FDD3805-1536-4248-BE4A-319F6FF6B59A}.Debug|Xbox 360.ActiveCfg = Debug|Any CPU
		{2FDD3805-1536-4248-BE4A-319F6FF6B59A}.Release|Any CPU.ActiveCfg = Release|Any CPU
		{2FDD3805-1536-4248-BE4A-319F6FF6B59A}.Release|Any CPU.Build.0 = Release|Any CPU
		{2FDD3805-1536-4248-BE4A-319F6FF6B59A}.Release|Mixed Platforms.ActiveCfg = Release|Any CPU
		{2FDD3805-1536-4248-BE4A-319F6FF6B59A}.Release|Mixed Platforms.Build.0 = Release|Any CPU
		{2FDD3805-1536-4248-BE4A-319F6FF6B59A}.Release|Win32.ActiveCfg = Release|Any CPU
		{2FDD3805-1536-4248-BE4A-319F6FF6B59A}.Release|x64.ActiveCfg = Release|Any CPU
		{2FDD3805-1536-4248-BE4A-319F6FF6B59A}.Release|x86.ActiveCfg = Release|Any CPU
		{2FDD3805-1536-4248-BE4A-319F6FF6B59A}.Release|Xbox 360.ActiveCfg = Release|Any CPU
		{2FDD3805-1536-4248-BE4A-319F6FF6B59A}.Tier 64|Any CPU.ActiveCfg = Release|Any CPU
		{2FDD3805-1536-4248-BE4A-319F6FF6B59A}.Tier 64|Any CPU.Build.0 = Release|Any CPU
		{2FDD3805-1536-4248-BE4A-319F6FF6B59A}.Tier 64|Mixed Platforms.ActiveCfg = Release|Any CPU
		{2FDD3805-1536-4248-BE4A-319F6FF6B59A}.Tier 64|Mixed Platforms.Build.0 = Release|Any CPU
		{2FDD3805-1536-4248-BE4A-319F6FF6B59A}.Tier 64|Win32.ActiveCfg = Release|Any CPU
		{2FDD3805-1536-4248-BE4A-319F6FF6B59A}.Tier 64|x64.ActiveCfg = Release|Any CPU
		{2FDD3805-1536-4248-BE4A-319F6FF6B59A}.Tier 64|x86.ActiveCfg = Release|Any CPU
		{2FDD3805-1536-4248-BE4A-319F6FF6B59A}.Tier 64|Xbox 360.ActiveCfg = Release|Any CPU
	EndGlobalSection
	GlobalSection(SolutionProperties) = preSolution
		HideSolutionNode = FALSE
	EndGlobalSection
EndGlobal
